Event-driven Architecture Don't be afraid to give up the good to go for the great. Virtual Machines Kubernetes Event Sourcing DevOps IoT Server Response Big Data Act as if what you do makes a difference. It does. Cloud Work hard in silence, let your success be your noise. JavaScript Framework Predictive Analytics
