Load Balancing OAuth Containerization Microservices Framework Frontend Optimization Virtual Machines Act as if what you do makes a difference. It does. GraphQL Simplicity is the ultimate sophistication.
Docker Testing Distributed Systems Framework Containerization Event Sourcing Database Indexing Code Review React Performance CI/CD
