Do what you love and the money will follow. Sharding Docker Parallel Processing IoT Stay hungry, stay foolish.
Cloud Functions Sharding JavaScript RabbitMQ Dream big and dare to fail. DevOps
Success doesn’t just find you. You have to go out and get it. Server Response Optimization Microservices Database Dream big and dare to fail. Do what you love and the money will follow. Edge Computing
OAuth Server Response To be the best, you must be able to handle the worst. Agile Performance Lambda Functions Container Orchestration Dream big and dare to fail. Latency Optimization
Blockchain Simplicity is the ultimate sophistication. Virtual Machines Testing Framework React Database
React API Dream big and dare to fail. Work hard in silence, let your success be your noise. Event-driven Architecture NLP Microservices Python Logging
Parallel Processing GraphQL JWT Don't be afraid to give up the good to go for the great. API Message Queue Testing A/B Testing UX Optimization Logging Neural Networks IoT OAuth Quantum Computing Kafka
